{
  "name": "AI-CI",
  "lockfileVersion": 2,
  "requires": true,
  "packages": {
    "": {
      "dependencies": {
        "snyk": "^1.908.0"
      }
    },
    "node_modules/snyk": {
      "version": "1.908.0",
      "resolved": "https://registry.npmjs.org/snyk/-/snyk-1.908.0.tgz",
      "integrity": "sha512-fti0j50hDdDBwrwVfLGaHN+xCBvktpxDYIqpJ9pk0IMgQrxBM7fum6l5Pim+Jaq7tZASD3S3p+7RL4JWsS3O/A==",
      "bin": {
        "snyk": "bin/snyk"
      },
      "engines": {
        "node": ">=12"
      }
    }
  },
  "dependencies": {
    "snyk": {
      "version": "1.908.0",
      "resolved": "https://registry.npmjs.org/snyk/-/snyk-1.908.0.tgz",
      "integrity": "sha512-fti0j50hDdDBwrwVfLGaHN+xCBvktpxDYIqpJ9pk0IMgQrxBM7fum6l5Pim+Jaq7tZASD3S3p+7RL4JWsS3O/A=="
    }
  }
}
